
Microsoft Visual Studio Solution File, Format Version 12.00
# Visual Studio 2012
Project("{FAE04EC0-301F-11D3-BF4B-00C04F79EFBC}") = "RobotApp", "RobotApp\RobotApp.csproj", "{ECA07431-6162-4501-8DB7-03DBC2695B83}"
EndProject
Project("{FAE04EC0-301F-11D3-BF4B-00C04F79EFBC}") = "StoreApp", "StoreApp\StoreApp.csproj", "{C80CFE16-5FDC-4698-8697-D7C2DEBF97AB}"
EndProject
Project("{FAE04EC0-301F-11D3-BF4B-00C04F79EFBC}") = "PhoneApp", "PhoneApp\PhoneApp.csproj", "{93BAF47C-3842-465F-972A-2290DE5DB8ED}"
EndProject
Global
	GlobalSection(SolutionConfigurationPlatforms) = preSolution
		Debug|Any CPU = Debug|Any CPU
		Debug|ARM = Debug|ARM
		Debug|x64 = Debug|x64
		Debug|x86 = Debug|x86
		Release|Any CPU = Release|Any CPU
		Release|ARM = Release|ARM
		Release|x64 = Release|x64
		Release|x86 = Release|x86
	EndGlobalSection
	GlobalSection(ProjectConfigurationPlatforms) = postSolution
		{ECA07431-6162-4501-8DB7-03DBC2695B83}.Debug|Any CPU.ActiveCfg = Debug|Any CPU
		{ECA07431-6162-4501-8DB7-03DBC2695B83}.Debug|Any CPU.Build.0 = Debug|Any CPU
		{ECA07431-6162-4501-8DB7-03DBC2695B83}.Debug|Any CPU.Deploy.0 = Debug|Any CPU
		{ECA07431-6162-4501-8DB7-03DBC2695B83}.Debug|ARM.ActiveCfg = Debug|Any CPU
		{ECA07431-6162-4501-8DB7-03DBC2695B83}.Debug|x64.ActiveCfg = Debug|Any CPU
		{ECA07431-6162-4501-8DB7-03DBC2695B83}.Debug|x86.ActiveCfg = Debug|Any CPU
		{ECA07431-6162-4501-8DB7-03DBC2695B83}.Release|Any CPU.ActiveCfg = Release|Any CPU
		{ECA07431-6162-4501-8DB7-03DBC2695B83}.Release|Any CPU.Build.0 = Release|Any CPU
		{ECA07431-6162-4501-8DB7-03DBC2695B83}.Release|Any CPU.Deploy.0 = Release|Any CPU
		{ECA07431-6162-4501-8DB7-03DBC2695B83}.Release|ARM.ActiveCfg = Release|Any CPU
		{ECA07431-6162-4501-8DB7-03DBC2695B83}.Release|x64.ActiveCfg = Release|Any CPU
		{ECA07431-6162-4501-8DB7-03DBC2695B83}.Release|x86.ActiveCfg = Release|Any CPU
		{C80CFE16-5FDC-4698-8697-D7C2DEBF97AB}.Debug|Any CPU.ActiveCfg = Debug|Any CPU
		{C80CFE16-5FDC-4698-8697-D7C2DEBF97AB}.Debug|Any CPU.Build.0 = Debug|Any CPU
		{C80CFE16-5FDC-4698-8697-D7C2DEBF97AB}.Debug|Any CPU.Deploy.0 = Debug|Any CPU
		{C80CFE16-5FDC-4698-8697-D7C2DEBF97AB}.Debug|ARM.ActiveCfg = Debug|ARM
		{C80CFE16-5FDC-4698-8697-D7C2DEBF97AB}.Debug|ARM.Build.0 = Debug|ARM
		{C80CFE16-5FDC-4698-8697-D7C2DEBF97AB}.Debug|ARM.Deploy.0 = Debug|ARM
		{C80CFE16-5FDC-4698-8697-D7C2DEBF97AB}.Debug|x64.ActiveCfg = Debug|x64
		{C80CFE16-5FDC-4698-8697-D7C2DEBF97AB}.Debug|x64.Build.0 = Debug|x64
		{C80CFE16-5FDC-4698-8697-D7C2DEBF97AB}.Debug|x64.Deploy.0 = Debug|x64
		{C80CFE16-5FDC-4698-8697-D7C2DEBF97AB}.Debug|x86.ActiveCfg = Debug|x86
		{C80CFE16-5FDC-4698-8697-D7C2DEBF97AB}.Debug|x86.Build.0 = Debug|x86
		{C80CFE16-5FDC-4698-8697-D7C2DEBF97AB}.Debug|x86.Deploy.0 = Debug|x86
		{C80CFE16-5FDC-4698-8697-D7C2DEBF97AB}.Release|Any CPU.ActiveCfg = Release|Any CPU
		{C80CFE16-5FDC-4698-8697-D7C2DEBF97AB}.Release|Any CPU.Build.0 = Release|Any CPU
		{C80CFE16-5FDC-4698-8697-D7C2DEBF97AB}.Release|Any CPU.Deploy.0 = Release|Any CPU
		{C80CFE16-5FDC-4698-8697-D7C2DEBF97AB}.Release|ARM.ActiveCfg = Release|ARM
		{C80CFE16-5FDC-4698-8697-D7C2DEBF97AB}.Release|ARM.Build.0 = Release|ARM
		{C80CFE16-5FDC-4698-8697-D7C2DEBF97AB}.Release|ARM.Deploy.0 = Release|ARM
		{C80CFE16-5FDC-4698-8697-D7C2DEBF97AB}.Release|x64.ActiveCfg = Release|x64
		{C80CFE16-5FDC-4698-8697-D7C2DEBF97AB}.Release|x64.Build.0 = Release|x64
		{C80CFE16-5FDC-4698-8697-D7C2DEBF97AB}.Release|x64.Deploy.0 = Release|x64
		{C80CFE16-5FDC-4698-8697-D7C2DEBF97AB}.Release|x86.ActiveCfg = Release|x86
		{C80CFE16-5FDC-4698-8697-D7C2DEBF97AB}.Release|x86.Build.0 = Release|x86
		{C80CFE16-5FDC-4698-8697-D7C2DEBF97AB}.Release|x86.Deploy.0 = Release|x86
		{93BAF47C-3842-465F-972A-2290DE5DB8ED}.Debug|Any CPU.ActiveCfg = Debug|Any CPU
		{93BAF47C-3842-465F-972A-2290DE5DB8ED}.Debug|Any CPU.Build.0 = Debug|Any CPU
		{93BAF47C-3842-465F-972A-2290DE5DB8ED}.Debug|Any CPU.Deploy.0 = Debug|Any CPU
		{93BAF47C-3842-465F-972A-2290DE5DB8ED}.Debug|ARM.ActiveCfg = Debug|ARM
		{93BAF47C-3842-465F-972A-2290DE5DB8ED}.Debug|ARM.Build.0 = Debug|ARM
		{93BAF47C-3842-465F-972A-2290DE5DB8ED}.Debug|ARM.Deploy.0 = Debug|ARM
		{93BAF47C-3842-465F-972A-2290DE5DB8ED}.Debug|x64.ActiveCfg = Debug|Any CPU
		{93BAF47C-3842-465F-972A-2290DE5DB8ED}.Debug|x86.ActiveCfg = Debug|x86
		{93BAF47C-3842-465F-972A-2290DE5DB8ED}.Debug|x86.Build.0 = Debug|x86
		{93BAF47C-3842-465F-972A-2290DE5DB8ED}.Debug|x86.Deploy.0 = Debug|x86
		{93BAF47C-3842-465F-972A-2290DE5DB8ED}.Release|Any CPU.ActiveCfg = Release|Any CPU
		{93BAF47C-3842-465F-972A-2290DE5DB8ED}.Release|Any CPU.Build.0 = Release|Any CPU
		{93BAF47C-3842-465F-972A-2290DE5DB8ED}.Release|Any CPU.Deploy.0 = Release|Any CPU
		{93BAF47C-3842-465F-972A-2290DE5DB8ED}.Release|ARM.ActiveCfg = Release|ARM
		{93BAF47C-3842-465F-972A-2290DE5DB8ED}.Release|ARM.Build.0 = Release|ARM
		{93BAF47C-3842-465F-972A-2290DE5DB8ED}.Release|ARM.Deploy.0 = Release|ARM
		{93BAF47C-3842-465F-972A-2290DE5DB8ED}.Release|x64.ActiveCfg = Release|Any CPU
		{93BAF47C-3842-465F-972A-2290DE5DB8ED}.Release|x86.ActiveCfg = Release|x86
		{93BAF47C-3842-465F-972A-2290DE5DB8ED}.Release|x86.Build.0 = Release|x86
		{93BAF47C-3842-465F-972A-2290DE5DB8ED}.Release|x86.Deploy.0 = Release|x86
	EndGlobalSection
	GlobalSection(SolutionProperties) = preSolution
		HideSolutionNode = FALSE
	EndGlobalSection
EndGlobal
